// !$*UTF8*$!
{
	archiveVersion = 1;
	classes = {
	};
	objectVersion = 56;
	objects = {

/* Begin PBXBuildFile section */
		A1ECF1072C731F6A0028267A /* AppDelegate.swift in Sources */ = {isa = PBXBuildFile; fileRef = A1ECF1062C731F6A0028267A /* AppDelegate.swift */; };
		A1ECF1092C731F6A0028267A /* SceneDelegate.swift in Sources */ = {isa = PBXBuildFile; fileRef = A1ECF1082C731F6A0028267A /* SceneDelegate.swift */; };
		A1ECF10C2C731F6A0028267A /* Base in Resources */ = {isa = PBXBuildFile; fileRef = A1ECF10B2C731F6A0028267A /* Base */; };
		A1ECF10F2C731F6A0028267A /* Base in Resources */ = {isa = PBXBuildFile; fileRef = A1ECF10E2C731F6A0028267A /* Base */; };
		A1ECF1182C731F6A0028267A /* AppDelegate.swift in Sources */ = {isa = PBXBuildFile; fileRef = A1ECF1172C731F6A0028267A /* AppDelegate.swift */; };
		A1ECF11B2C731F6A0028267A /* Base in Resources */ = {isa = PBXBuildFile; fileRef = A1ECF11A2C731F6A0028267A /* Base */; };
		A1ECF1222C731F6A0028267A /* NYT Soduku Auto Fill Helper Extension.appex in Embed Foundation Extensions */ = {isa = PBXBuildFile; fileRef = A1ECF1212C731F6A0028267A /* NYT Soduku Auto Fill Helper Extension.appex */; settings = {ATTRIBUTES = (RemoveHeadersOnCopy, ); }; };
		A1ECF12C2C731F6A0028267A /* NYT Soduku Auto Fill Helper Extension.appex in Embed Foundation Extensions */ = {isa = PBXBuildFile; fileRef = A1ECF12B2C731F6A0028267A /* NYT Soduku Auto Fill Helper Extension.appex */; settings = {ATTRIBUTES = (RemoveHeadersOnCopy, ); }; };
		A1ECF1322C731F6A0028267A /* Base in Resources */ = {isa = PBXBuildFile; fileRef = A1ECF0EE2C731F6A0028267A /* Base */; };
		A1ECF1332C731F6A0028267A /* Base in Resources */ = {isa = PBXBuildFile; fileRef = A1ECF0EE2C731F6A0028267A /* Base */; };
		A1ECF1342C731F6A0028267A /* Icon.png in Resources */ = {isa = PBXBuildFile; fileRef = A1ECF0EF2C731F6A0028267A /* Icon.png */; };
		A1ECF1352C731F6A0028267A /* Icon.png in Resources */ = {isa = PBXBuildFile; fileRef = A1ECF0EF2C731F6A0028267A /* Icon.png */; };
		A1ECF1362C731F6A0028267A /* Style.css in Resources */ = {isa = PBXBuildFile; fileRef = A1ECF0F02C731F6A0028267A /* Style.css */; };
		A1ECF1372C731F6A0028267A /* Style.css in Resources */ = {isa = PBXBuildFile; fileRef = A1ECF0F02C731F6A0028267A /* Style.css */; };
		A1ECF1382C731F6A0028267A /* Script.js in Resources */ = {isa = PBXBuildFile; fileRef = A1ECF0F12C731F6A0028267A /* Script.js */; };
		A1ECF1392C731F6A0028267A /* Script.js in Resources */ = {isa = PBXBuildFile; fileRef = A1ECF0F12C731F6A0028267A /* Script.js */; };
		A1ECF13A2C731F6A0028267A /* ViewController.swift in Sources */ = {isa = PBXBuildFile; fileRef = A1ECF0F22C731F6A0028267A /* ViewController.swift */; };
		A1ECF13B2C731F6A0028267A /* ViewController.swift in Sources */ = {isa = PBXBuildFile; fileRef = A1ECF0F22C731F6A0028267A /* ViewController.swift */; };
		A1ECF13C2C731F6A0028267A /* Assets.xcassets in Resources */ = {isa = PBXBuildFile; fileRef = A1ECF0F32C731F6A0028267A /* Assets.xcassets */; };
		A1ECF13D2C731F6A0028267A /* Assets.xcassets in Resources */ = {isa = PBXBuildFile; fileRef = A1ECF0F32C731F6A0028267A /* Assets.xcassets */; };
		A1ECF13E2C731F6A0028267A /* SafariWebExtensionHandler.swift in Sources */ = {isa = PBXBuildFile; fileRef = A1ECF0F52C731F6A0028267A /* SafariWebExtensionHandler.swift */; };
		A1ECF13F2C731F6A0028267A /* SafariWebExtensionHandler.swift in Sources */ = {isa = PBXBuildFile; fileRef = A1ECF0F52C731F6A0028267A /* SafariWebExtensionHandler.swift */; };
		A1ECF1402C731F6A0028267A /* _locales in Resources */ = {isa = PBXBuildFile; fileRef = A1ECF0F72C731F6A0028267A /* _locales */; };
		A1ECF1412C731F6A0028267A /* _locales in Resources */ = {isa = PBXBuildFile; fileRef = A1ECF0F72C731F6A0028267A /* _locales */; };
		A1ECF1422C731F6A0028267A /* images in Resources */ = {isa = PBXBuildFile; fileRef = A1ECF0F82C731F6A0028267A /* images */; };
		A1ECF1432C731F6A0028267A /* images in Resources */ = {isa = PBXBuildFile; fileRef = A1ECF0F82C731F6A0028267A /* images */; };
		A1ECF1442C731F6A0028267A /* manifest.json in Resources */ = {isa = PBXBuildFile; fileRef = A1ECF0F92C731F6A0028267A /* manifest.json */; };
		A1ECF1452C731F6A0028267A /* manifest.json in Resources */ = {isa = PBXBuildFile; fileRef = A1ECF0F92C731F6A0028267A /* manifest.json */; };
		A1ECF1482C731F6A0028267A /* content.js in Resources */ = {isa = PBXBuildFile; fileRef = A1ECF0FB2C731F6A0028267A /* content.js */; };
		A1ECF1492C731F6A0028267A /* content.js in Resources */ = {isa = PBXBuildFile; fileRef = A1ECF0FB2C731F6A0028267A /* content.js */; };
/* End PBXBuildFile section */

/* Begin PBXContainerItemProxy section */
		A1ECF1232C731F6A0028267A /* PBXContainerItemProxy */ = {
			isa = PBXContainerItemProxy;
			containerPortal = A1ECF0E72C731F690028267A /* Project object */;
			proxyType = 1;
			remoteGlobalIDString = A1ECF1202C731F6A0028267A;
			remoteInfo = "NYT Soduku Auto Fill Helper Extension (iOS)";
		};
		A1ECF12D2C731F6A0028267A /* PBXContainerItemProxy */ = {
			isa = PBXContainerItemProxy;
			containerPortal = A1ECF0E72C731F690028267A /* Project object */;
			proxyType = 1;
			remoteGlobalIDString = A1ECF12A2C731F6A0028267A;
			remoteInfo = "NYT Soduku Auto Fill Helper Extension (macOS)";
		};
/* End PBXContainerItemProxy section */

/* Begin PBXCopyFilesBuildPhase section */
		A1ECF1552C731F6A0028267A /* Embed Foundation Extensions */ = {
			isa = PBXCopyFilesBuildPhase;
			buildActionMask = 2147483647;
			dstPath = "";
			dstSubfolderSpec = 13;
			files = (
				A1ECF1222C731F6A0028267A /* NYT Soduku Auto Fill Helper Extension.appex in Embed Foundation Extensions */,
			);
			name = "Embed Foundation Extensions";
			runOnlyForDeploymentPostprocessing = 0;
		};
		A1ECF15C2C731F6A0028267A /* Embed Foundation Extensions */ = {
			isa = PBXCopyFilesBuildPhase;
			buildActionMask = 2147483647;
			dstPath = "";
			dstSubfolderSpec = 13;
			files = (
				A1ECF12C2C731F6A0028267A /* NYT Soduku Auto Fill Helper Extension.appex in Embed Foundation Extensions */,
			);
			name = "Embed Foundation Extensions";
			runOnlyForDeploymentPostprocessing = 0;
		};
/* End PBXCopyFilesBuildPhase section */

/* Begin PBXFileReference section */
		A1ECF0EE2C731F6A0028267A /* Base */ = {isa = PBXFileReference; lastKnownFileType = text.html; name = Base; path = ../Base.lproj/Main.html; sourceTree = "<group>"; };
		A1ECF0EF2C731F6A0028267A /* Icon.png */ = {isa = PBXFileReference; lastKnownFileType = image.png; path = Icon.png; sourceTree = "<group>"; };
		A1ECF0F02C731F6A0028267A /* Style.css */ = {isa = PBXFileReference; lastKnownFileType = text.css; path = Style.css; sourceTree = "<group>"; };
		A1ECF0F12C731F6A0028267A /* Script.js */ = {isa = PBXFileReference; lastKnownFileType = sourcecode.javascript; path = Script.js; sourceTree = "<group>"; };
		A1ECF0F22C731F6A0028267A /* ViewController.swift */ = {isa = PBXFileReference; lastKnownFileType = sourcecode.swift; path = ViewController.swift; sourceTree = "<group>"; };
		A1ECF0F32C731F6A0028267A /* Assets.xcassets */ = {isa = PBXFileReference; lastKnownFileType = folder.assetcatalog; path = Assets.xcassets; sourceTree = "<group>"; };
		A1ECF0F52C731F6A0028267A /* SafariWebExtensionHandler.swift */ = {isa = PBXFileReference; lastKnownFileType = sourcecode.swift; path = SafariWebExtensionHandler.swift; sourceTree = "<group>"; };
		A1ECF0F72C731F6A0028267A /* _locales */ = {isa = PBXFileReference; lastKnownFileType = folder; path = _locales; sourceTree = "<group>"; };
		A1ECF0F82C731F6A0028267A /* images */ = {isa = PBXFileReference; lastKnownFileType = folder; path = images; sourceTree = "<group>"; };
		A1ECF0F92C731F6A0028267A /* manifest.json */ = {isa = PBXFileReference; lastKnownFileType = text.json; path = manifest.json; sourceTree = "<group>"; };
		A1ECF0FB2C731F6A0028267A /* content.js */ = {isa = PBXFileReference; lastKnownFileType = sourcecode.javascript; path = content.js; sourceTree = "<group>"; };
		A1ECF1032C731F6A0028267A /* NYT Soduku Auto Fill Helper.app */ = {isa = PBXFileReference; explicitFileType = wrapper.application; includeInIndex = 0; path = "NYT Soduku Auto Fill Helper.app"; sourceTree = BUILT_PRODUCTS_DIR; };
		A1ECF1062C731F6A0028267A /* AppDelegate.swift */ = {isa = PBXFileReference; lastKnownFileType = sourcecode.swift; path = AppDelegate.swift; sourceTree = "<group>"; };
		A1ECF1082C731F6A0028267A /* SceneDelegate.swift */ = {isa = PBXFileReference; lastKnownFileType = sourcecode.swift; path = SceneDelegate.swift; sourceTree = "<group>"; };
		A1ECF10B2C731F6A0028267A /* Base */ = {isa = PBXFileReference; lastKnownFileType = file.storyboard; name = Base; path = Base.lproj/LaunchScreen.storyboard; sourceTree = "<group>"; };
		A1ECF10E2C731F6A0028267A /* Base */ = {isa = PBXFileReference; lastKnownFileType = file.storyboard; name = Base; path = Base.lproj/Main.storyboard; sourceTree = "<group>"; };
		A1ECF1102C731F6A0028267A /* Info.plist */ = {isa = PBXFileReference; lastKnownFileType = text.plist.xml; path = Info.plist; sourceTree = "<group>"; };
		A1ECF1152C731F6A0028267A /* NYT Soduku Auto Fill Helper.app */ = {isa = PBXFileReference; explicitFileType = wrapper.application; includeInIndex = 0; path = "NYT Soduku Auto Fill Helper.app"; sourceTree = BUILT_PRODUCTS_DIR; };
		A1ECF1172C731F6A0028267A /* AppDelegate.swift */ = {isa = PBXFileReference; lastKnownFileType = sourcecode.swift; path = AppDelegate.swift; sourceTree = "<group>"; };
		A1ECF11A2C731F6A0028267A /* Base */ = {isa = PBXFileReference; lastKnownFileType = file.storyboard; name = Base; path = Base.lproj/Main.storyboard; sourceTree = "<group>"; };
		A1ECF11C2C731F6A0028267A /* NYT Soduku Auto Fill Helper.entitlements */ = {isa = PBXFileReference; lastKnownFileType = text.plist.entitlements; path = "NYT Soduku Auto Fill Helper.entitlements"; sourceTree = "<group>"; };
		A1ECF1212C731F6A0028267A /* NYT Soduku Auto Fill Helper Extension.appex */ = {isa = PBXFileReference; explicitFileType = "wrapper.app-extension"; includeInIndex = 0; path = "NYT Soduku Auto Fill Helper Extension.appex"; sourceTree = BUILT_PRODUCTS_DIR; };
		A1ECF1262C731F6A0028267A /* Info.plist */ = {isa = PBXFileReference; lastKnownFileType = text.plist.xml; path = Info.plist; sourceTree = "<group>"; };
		A1ECF12B2C731F6A0028267A /* NYT Soduku Auto Fill Helper Extension.appex */ = {isa = PBXFileReference; explicitFileType = "wrapper.app-extension"; includeInIndex = 0; path = "NYT Soduku Auto Fill Helper Extension.appex"; sourceTree = BUILT_PRODUCTS_DIR; };
		A1ECF1302C731F6A0028267A /* Info.plist */ = {isa = PBXFileReference; lastKnownFileType = text.plist.xml; path = Info.plist; sourceTree = "<group>"; };
		A1ECF1312C731F6A0028267A /* NYT Soduku Auto Fill Helper.entitlements */ = {isa = PBXFileReference; lastKnownFileType = text.plist.entitlements; path = "NYT Soduku Auto Fill Helper.entitlements"; sourceTree = "<group>"; };
/* End PBXFileReference section */

/* Begin PBXFrameworksBuildPhase section */
		A1ECF1002C731F6A0028267A /* Frameworks */ = {
			isa = PBXFrameworksBuildPhase;
			buildActionMask = 2147483647;
			files = (
			);
			runOnlyForDeploymentPostprocessing = 0;
		};
		A1ECF1122C731F6A0028267A /* Frameworks */ = {
			isa = PBXFrameworksBuildPhase;
			buildActionMask = 2147483647;
			files = (
			);
			runOnlyForDeploymentPostprocessing = 0;
		};
		A1ECF11E2C731F6A0028267A /* Frameworks */ = {
			isa = PBXFrameworksBuildPhase;
			buildActionMask = 2147483647;
			files = (
			);
			runOnlyForDeploymentPostprocessing = 0;
		};
		A1ECF1282C731F6A0028267A /* Frameworks */ = {
			isa = PBXFrameworksBuildPhase;
			buildActionMask = 2147483647;
			files = (
			);
			runOnlyForDeploymentPostprocessing = 0;
		};
/* End PBXFrameworksBuildPhase section */

/* Begin PBXGroup section */
		A1ECF0E62C731F690028267A = {
			isa = PBXGroup;
			children = (
				A1ECF0EB2C731F6A0028267A /* Shared (App) */,
				A1ECF0F42C731F6A0028267A /* Shared (Extension) */,
				A1ECF1052C731F6A0028267A /* iOS (App) */,
				A1ECF1162C731F6A0028267A /* macOS (App) */,
				A1ECF1252C731F6A0028267A /* iOS (Extension) */,
				A1ECF12F2C731F6A0028267A /* macOS (Extension) */,
				A1ECF1042C731F6A0028267A /* Products */,
			);
			sourceTree = "<group>";
		};
		A1ECF0EB2C731F6A0028267A /* Shared (App) */ = {
			isa = PBXGroup;
			children = (
				A1ECF0F22C731F6A0028267A /* ViewController.swift */,
				A1ECF0F32C731F6A0028267A /* Assets.xcassets */,
				A1ECF0EC2C731F6A0028267A /* Resources */,
			);
			path = "Shared (App)";
			sourceTree = "<group>";
		};
		A1ECF0EC2C731F6A0028267A /* Resources */ = {
			isa = PBXGroup;
			children = (
				A1ECF0ED2C731F6A0028267A /* Main.html */,
				A1ECF0EF2C731F6A0028267A /* Icon.png */,
				A1ECF0F02C731F6A0028267A /* Style.css */,
				A1ECF0F12C731F6A0028267A /* Script.js */,
			);
			path = Resources;
			sourceTree = "<group>";
		};
		A1ECF0F42C731F6A0028267A /* Shared (Extension) */ = {
			isa = PBXGroup;
			children = (
				A1ECF0F52C731F6A0028267A /* SafariWebExtensionHandler.swift */,
				A1ECF0F62C731F6A0028267A /* Resources */,
			);
			path = "Shared (Extension)";
			sourceTree = "<group>";
		};
		A1ECF0F62C731F6A0028267A /* Resources */ = {
			isa = PBXGroup;
			children = (
				A1ECF0F72C731F6A0028267A /* _locales */,
				A1ECF0F82C731F6A0028267A /* images */,
				A1ECF0F92C731F6A0028267A /* manifest.json */,
				A1ECF0FB2C731F6A0028267A /* content.js */,
			);
			path = Resources;
			sourceTree = "<group>";
		};
		A1ECF1042C731F6A0028267A /* Products */ = {
			isa = PBXGroup;
			children = (
				A1ECF1032C731F6A0028267A /* NYT Soduku Auto Fill Helper.app */,
				A1ECF1152C731F6A0028267A /* NYT Soduku Auto Fill Helper.app */,
				A1ECF1212C731F6A0028267A /* NYT Soduku Auto Fill Helper Extension.appex */,
				A1ECF12B2C731F6A0028267A /* NYT Soduku Auto Fill Helper Extension.appex */,
			);
			name = Products;
			sourceTree = "<group>";
		};
		A1ECF1052C731F6A0028267A /* iOS (App) */ = {
			isa = PBXGroup;
			children = (
				A1ECF1062C731F6A0028267A /* AppDelegate.swift */,
				A1ECF1082C731F6A0028267A /* SceneDelegate.swift */,
				A1ECF10A2C731F6A0028267A /* LaunchScreen.storyboard */,
				A1ECF10D2C731F6A0028267A /* Main.storyboard */,
				A1ECF1102C731F6A0028267A /* Info.plist */,
			);
			path = "iOS (App)";
			sourceTree = "<group>";
		};
		A1ECF1162C731F6A0028267A /* macOS (App) */ = {
			isa = PBXGroup;
			children = (
				A1ECF1172C731F6A0028267A /* AppDelegate.swift */,
				A1ECF1192C731F6A0028267A /* Main.storyboard */,
				A1ECF11C2C731F6A0028267A /* NYT Soduku Auto Fill Helper.entitlements */,
			);
			path = "macOS (App)";
			sourceTree = "<group>";
		};
		A1ECF1252C731F6A0028267A /* iOS (Extension) */ = {
			isa = PBXGroup;
			children = (
				A1ECF1262C731F6A0028267A /* Info.plist */,
			);
			path = "iOS (Extension)";
			sourceTree = "<group>";
		};
		A1ECF12F2C731F6A0028267A /* macOS (Extension) */ = {
			isa = PBXGroup;
			children = (
				A1ECF1302C731F6A0028267A /* Info.plist */,
				A1ECF1312C731F6A0028267A /* NYT Soduku Auto Fill Helper.entitlements */,
			);
			path = "macOS (Extension)";
			sourceTree = "<group>";
		};
/* End PBXGroup section */

/* Begin PBXNativeTarget section */
		A1ECF1022C731F6A0028267A /* NYT Soduku Auto Fill Helper (iOS) */ = {
			isa = PBXNativeTarget;
			buildConfigurationList = A1ECF1562C731F6A0028267A /* Build configuration list for PBXNativeTarget "NYT Soduku Auto Fill Helper (iOS)" */;
			buildPhases = (
				A1ECF0FF2C731F6A0028267A /* Sources */,
				A1ECF1002C731F6A0028267A /* Frameworks */,
				A1ECF1012C731F6A0028267A /* Resources */,
				A1ECF1552C731F6A0028267A /* Embed Foundation Extensions */,
			);
			buildRules = (
			);
			dependencies = (
				A1ECF1242C731F6A0028267A /* PBXTargetDependency */,
			);
			name = "NYT Soduku Auto Fill Helper (iOS)";
			productName = "NYT Soduku Auto Fill Helper (iOS)";
			productReference = A1ECF1032C731F6A0028267A /* NYT Soduku Auto Fill Helper.app */;
			productType = "com.apple.product-type.application";
		};
		A1ECF1142C731F6A0028267A /* NYT Soduku Auto Fill Helper (macOS) */ = {
			isa = PBXNativeTarget;
			buildConfigurationList = A1ECF15D2C731F6A0028267A /* Build configuration list for PBXNativeTarget "NYT Soduku Auto Fill Helper (macOS)" */;
			buildPhases = (
				A1ECF1112C731F6A0028267A /* Sources */,
				A1ECF1122C731F6A0028267A /* Frameworks */,
				A1ECF1132C731F6A0028267A /* Resources */,
				A1ECF15C2C731F6A0028267A /* Embed Foundation Extensions */,
			);
			buildRules = (
			);
			dependencies = (
				A1ECF12E2C731F6A0028267A /* PBXTargetDependency */,
			);
			name = "NYT Soduku Auto Fill Helper (macOS)";
			productName = "NYT Soduku Auto Fill Helper (macOS)";
			productReference = A1ECF1152C731F6A0028267A /* NYT Soduku Auto Fill Helper.app */;
			productType = "com.apple.product-type.application";
		};
		A1ECF1202C731F6A0028267A /* NYT Soduku Auto Fill Helper Extension (iOS) */ = {
			isa = PBXNativeTarget;
			buildConfigurationList = A1ECF1522C731F6A0028267A /* Build configuration list for PBXNativeTarget "NYT Soduku Auto Fill Helper Extension (iOS)" */;
			buildPhases = (
				A1ECF11D2C731F6A0028267A /* Sources */,
				A1ECF11E2C731F6A0028267A /* Frameworks */,
				A1ECF11F2C731F6A0028267A /* Resources */,
			);
			buildRules = (
			);
			dependencies = (
			);
			name = "NYT Soduku Auto Fill Helper Extension (iOS)";
			productName = "NYT Soduku Auto Fill Helper Extension (iOS)";
			productReference = A1ECF1212C731F6A0028267A /* NYT Soduku Auto Fill Helper Extension.appex */;
			productType = "com.apple.product-type.app-extension";
		};
		A1ECF12A2C731F6A0028267A /* NYT Soduku Auto Fill Helper Extension (macOS) */ = {
			isa = PBXNativeTarget;
			buildConfigurationList = A1ECF1592C731F6A0028267A /* Build configuration list for PBXNativeTarget "NYT Soduku Auto Fill Helper Extension (macOS)" */;
			buildPhases = (
				A1ECF1272C731F6A0028267A /* Sources */,
				A1ECF1282C731F6A0028267A /* Frameworks */,
				A1ECF1292C731F6A0028267A /* Resources */,
			);
			buildRules = (
			);
			dependencies = (
			);
			name = "NYT Soduku Auto Fill Helper Extension (macOS)";
			productName = "NYT Soduku Auto Fill Helper Extension (macOS)";
			productReference = A1ECF12B2C731F6A0028267A /* NYT Soduku Auto Fill Helper Extension.appex */;
			productType = "com.apple.product-type.app-extension";
		};
/* End PBXNativeTarget section */

/* Begin PBXProject section */
		A1ECF0E72C731F690028267A /* Project object */ = {
			isa = PBXProject;
			attributes = {
				BuildIndependentTargetsInParallel = 1;
				LastSwiftUpdateCheck = 1540;
				LastUpgradeCheck = 1540;
				TargetAttributes = {
					A1ECF1022C731F6A0028267A = {
						CreatedOnToolsVersion = 15.4;
					};
					A1ECF1142C731F6A0028267A = {
						CreatedOnToolsVersion = 15.4;
					};
					A1ECF1202C731F6A0028267A = {
						CreatedOnToolsVersion = 15.4;
					};
					A1ECF12A2C731F6A0028267A = {
						CreatedOnToolsVersion = 15.4;
					};
				};
			};
			buildConfigurationList = A1ECF0EA2C731F690028267A /* Build configuration list for PBXProject "NYT Soduku Auto Fill Helper" */;
			compatibilityVersion = "Xcode 14.0";
			developmentRegion = en;
			hasScannedForEncodings = 0;
			knownRegions = (
				en,
				Base,
			);
			mainGroup = A1ECF0E62C731F690028267A;
			productRefGroup = A1ECF1042C731F6A0028267A /* Products */;
			projectDirPath = "";
			projectRoot = "";
			targets = (
				A1ECF1022C731F6A0028267A /* NYT Soduku Auto Fill Helper (iOS) */,
				A1ECF1142C731F6A0028267A /* NYT Soduku Auto Fill Helper (macOS) */,
				A1ECF1202C731F6A0028267A /* NYT Soduku Auto Fill Helper Extension (iOS) */,
				A1ECF12A2C731F6A0028267A /* NYT Soduku Auto Fill Helper Extension (macOS) */,
			);
		};
/* End PBXProject section */

/* Begin PBXResourcesBuildPhase section */
		A1ECF1012C731F6A0028267A /* Resources */ = {
			isa = PBXResourcesBuildPhase;
			buildActionMask = 2147483647;
			files = (
				A1ECF1342C731F6A0028267A /* Icon.png in Resources */,
				A1ECF10C2C731F6A0028267A /* Base in Resources */,
				A1ECF1322C731F6A0028267A /* Base in Resources */,
				A1ECF1382C731F6A0028267A /* Script.js in Resources */,
				A1ECF13C2C731F6A0028267A /* Assets.xcassets in Resources */,
				A1ECF10F2C731F6A0028267A /* Base in Resources */,
				A1ECF1362C731F6A0028267A /* Style.css in Resources */,
			);
			runOnlyForDeploymentPostprocessing = 0;
		};
		A1ECF1132C731F6A0028267A /* Resources */ = {
			isa = PBXResourcesBuildPhase;
			buildActionMask = 2147483647;
			files = (
				A1ECF1352C731F6A0028267A /* Icon.png in Resources */,
				A1ECF1372C731F6A0028267A /* Style.css in Resources */,
				A1ECF11B2C731F6A0028267A /* Base in Resources */,
				A1ECF1392C731F6A0028267A /* Script.js in Resources */,
				A1ECF13D2C731F6A0028267A /* Assets.xcassets in Resources */,
				A1ECF1332C731F6A0028267A /* Base in Resources */,
			);
			runOnlyForDeploymentPostprocessing = 0;
		};
		A1ECF11F2C731F6A0028267A /* Resources */ = {
			isa = PBXResourcesBuildPhase;
			buildActionMask = 2147483647;
			files = (
				A1ECF1422C731F6A0028267A /* images in Resources */,
				A1ECF1442C731F6A0028267A /* manifest.json in Resources */,
				A1ECF1402C731F6A0028267A /* _locales in Resources */,
				A1ECF1482C731F6A0028267A /* content.js in Resources */,
			);
			runOnlyForDeploymentPostprocessing = 0;
		};
		A1ECF1292C731F6A0028267A /* Resources */ = {
			isa = PBXResourcesBuildPhase;
			buildActionMask = 2147483647;
			files = (
				A1ECF1432C731F6A0028267A /* images in Resources */,
				A1ECF1452C731F6A0028267A /* manifest.json in Resources */,
				A1ECF1412C731F6A0028267A /* _locales in Resources */,
				A1ECF1492C731F6A0028267A /* content.js in Resources */,
			);
			runOnlyForDeploymentPostprocessing = 0;
		};
/* End PBXResourcesBuildPhase section */

/* Begin PBXSourcesBuildPhase section */
		A1ECF0FF2C731F6A0028267A /* Sources */ = {
			isa = PBXSourcesBuildPhase;
			buildActionMask = 2147483647;
			files = (
				A1ECF13A2C731F6A0028267A /* ViewController.swift in Sources */,
				A1ECF1072C731F6A0028267A /* AppDelegate.swift in Sources */,
				A1ECF1092C731F6A0028267A /* SceneDelegate.swift in Sources */,
			);
			runOnlyForDeploymentPostprocessing = 0;
		};
		A1ECF1112C731F6A0028267A /* Sources */ = {
			isa = PBXSourcesBuildPhase;
			buildActionMask = 2147483647;
			files = (
				A1ECF13B2C731F6A0028267A /* ViewController.swift in Sources */,
				A1ECF1182C731F6A0028267A /* AppDelegate.swift in Sources */,
			);
			runOnlyForDeploymentPostprocessing = 0;
		};
		A1ECF11D2C731F6A0028267A /* Sources */ = {
			isa = PBXSourcesBuildPhase;
			buildActionMask = 2147483647;
			files = (
				A1ECF13E2C731F6A0028267A /* SafariWebExtensionHandler.swift in Sources */,
			);
			runOnlyForDeploymentPostprocessing = 0;
		};
		A1ECF1272C731F6A0028267A /* Sources */ = {
			isa = PBXSourcesBuildPhase;
			buildActionMask = 2147483647;
			files = (
				A1ECF13F2C731F6A0028267A /* SafariWebExtensionHandler.swift in Sources */,
			);
			runOnlyForDeploymentPostprocessing = 0;
		};
/* End PBXSourcesBuildPhase section */

/* Begin PBXTargetDependency section */
		A1ECF1242C731F6A0028267A /* PBXTargetDependency */ = {
			isa = PBXTargetDependency;
			target = A1ECF1202C731F6A0028267A /* NYT Soduku Auto Fill Helper Extension (iOS) */;
			targetProxy = A1ECF1232C731F6A0028267A /* PBXContainerItemProxy */;
		};
		A1ECF12E2C731F6A0028267A /* PBXTargetDependency */ = {
			isa = PBXTargetDependency;
			target = A1ECF12A2C731F6A0028267A /* NYT Soduku Auto Fill Helper Extension (macOS) */;
			targetProxy = A1ECF12D2C731F6A0028267A /* PBXContainerItemProxy */;
		};
/* End PBXTargetDependency section */

/* Begin PBXVariantGroup section */
		A1ECF0ED2C731F6A0028267A /* Main.html */ = {
			isa = PBXVariantGroup;
			children = (
				A1ECF0EE2C731F6A0028267A /* Base */,
			);
			name = Main.html;
			sourceTree = "<group>";
		};
		A1ECF10A2C731F6A0028267A /* LaunchScreen.storyboard */ = {
			isa = PBXVariantGroup;
			children = (
				A1ECF10B2C731F6A0028267A /* Base */,
			);
			name = LaunchScreen.storyboard;
			sourceTree = "<group>";
		};
		A1ECF10D2C731F6A0028267A /* Main.storyboard */ = {
			isa = PBXVariantGroup;
			children = (
				A1ECF10E2C731F6A0028267A /* Base */,
			);
			name = Main.storyboard;
			sourceTree = "<group>";
		};
		A1ECF1192C731F6A0028267A /* Main.storyboard */ = {
			isa = PBXVariantGroup;
			children = (
				A1ECF11A2C731F6A0028267A /* Base */,
			);
			name = Main.storyboard;
			sourceTree = "<group>";
		};
/* End PBXVariantGroup section */

/* Begin XCBuildConfiguration section */
		A1ECF1502C731F6A0028267A /* Debug */ = {
			isa = XCBuildConfiguration;
			buildSettings = {
				ALWAYS_SEARCH_USER_PATHS = NO;
				ASSETCATALOG_COMPILER_GENERATE_SWIFT_ASSET_SYMBOL_EXTENSIONS = YES;
				CLANG_ANALYZER_NONNULL = YES;
				CLANG_ANALYZER_NUMBER_OBJECT_CONVERSION = YES_AGGRESSIVE;
				CLANG_CXX_LANGUAGE_STANDARD = "gnu++20";
				CLANG_ENABLE_MODULES = YES;
				CLANG_ENABLE_OBJC_ARC = YES;
				CLANG_ENABLE_OBJC_WEAK = YES;
				CLANG_WARN_BLOCK_CAPTURE_AUTORELEASING = YES;
				CLANG_WARN_BOOL_CONVERSION = YES;
				CLANG_WARN_COMMA = YES;
				CLANG_WARN_CONSTANT_CONVERSION = YES;
				CLANG_WARN_DEPRECATED_OBJC_IMPLEMENTATIONS = YES;
				CLANG_WARN_DIRECT_OBJC_ISA_USAGE = YES_ERROR;
				CLANG_WARN_DOCUMENTATION_COMMENTS = YES;
				CLANG_WARN_EMPTY_BODY = YES;
				CLANG_WARN_ENUM_CONVERSION = YES;
				CLANG_WARN_INFINITE_RECURSION = YES;
				CLANG_WARN_INT_CONVERSION = YES;
				CLANG_WARN_NON_LITERAL_NULL_CONVERSION = YES;
				CLANG_WARN_OBJC_IMPLICIT_RETAIN_SELF = YES;
				CLANG_WARN_OBJC_LITERAL_CONVERSION = YES;
				CLANG_WARN_OBJC_ROOT_CLASS = YES_ERROR;
				CLANG_WARN_QUOTED_INCLUDE_IN_FRAMEWORK_HEADER = YES;
				CLANG_WARN_RANGE_LOOP_ANALYSIS = YES;
				CLANG_WARN_STRICT_PROTOTYPES = YES;
				CLANG_WARN_SUSPICIOUS_MOVE = YES;
				CLANG_WARN_UNGUARDED_AVAILABILITY = YES_AGGRESSIVE;
				CLANG_WARN_UNREACHABLE_CODE = YES;
				CLANG_WARN__DUPLICATE_METHOD_MATCH = YES;
				COPY_PHASE_STRIP = NO;
				DEBUG_INFORMATION_FORMAT = dwarf;
				ENABLE_STRICT_OBJC_MSGSEND = YES;
				ENABLE_TESTABILITY = YES;
				ENABLE_USER_SCRIPT_SANDBOXING = YES;
				GCC_C_LANGUAGE_STANDARD = gnu17;
				GCC_DYNAMIC_NO_PIC = NO;
				GCC_NO_COMMON_BLOCKS = YES;
				GCC_OPTIMIZATION_LEVEL = 0;
				GCC_PREPROCESSOR_DEFINITIONS = (
					"DEBUG=1",
					"$(inherited)",
				);
				GCC_WARN_64_TO_32_BIT_CONVERSION = YES;
				GCC_WARN_ABOUT_RETURN_TYPE = YES_ERROR;
				GCC_WARN_UNDECLARED_SELECTOR = YES;
				GCC_WARN_UNINITIALIZED_AUTOS = YES_AGGRESSIVE;
				GCC_WARN_UNUSED_FUNCTION = YES;
				GCC_WARN_UNUSED_VARIABLE = YES;
				LOCALIZATION_PREFERS_STRING_CATALOGS = YES;
				MTL_ENABLE_DEBUG_INFO = INCLUDE_SOURCE;
				MTL_FAST_MATH = YES;
				ONLY_ACTIVE_ARCH = YES;
				SWIFT_ACTIVE_COMPILATION_CONDITIONS = "DEBUG $(inherited)";
				SWIFT_OPTIMIZATION_LEVEL = "-Onone";
			};
			name = Debug;
		};
		A1ECF1512C731F6A0028267A /* Release */ = {
			isa = XCBuildConfiguration;
			buildSettings = {
				ALWAYS_SEARCH_USER_PATHS = NO;
				ASSETCATALOG_COMPILER_GENERATE_SWIFT_ASSET_SYMBOL_EXTENSIONS = YES;
				CLANG_ANALYZER_NONNULL = YES;
				CLANG_ANALYZER_NUMBER_OBJECT_CONVERSION = YES_AGGRESSIVE;
				CLANG_CXX_LANGUAGE_STANDARD = "gnu++20";
				CLANG_ENABLE_MODULES = YES;
				CLANG_ENABLE_OBJC_ARC = YES;
				CLANG_ENABLE_OBJC_WEAK = YES;
				CLANG_WARN_BLOCK_CAPTURE_AUTORELEASING = YES;
				CLANG_WARN_BOOL_CONVERSION = YES;
				CLANG_WARN_COMMA = YES;
				CLANG_WARN_CONSTANT_CONVERSION = YES;
				CLANG_WARN_DEPRECATED_OBJC_IMPLEMENTATIONS = YES;
				CLANG_WARN_DIRECT_OBJC_ISA_USAGE = YES_ERROR;
				CLANG_WARN_DOCUMENTATION_COMMENTS = YES;
				CLANG_WARN_EMPTY_BODY = YES;
				CLANG_WARN_ENUM_CONVERSION = YES;
				CLANG_WARN_INFINITE_RECURSION = YES;
				CLANG_WARN_INT_CONVERSION = YES;
				CLANG_WARN_NON_LITERAL_NULL_CONVERSION = YES;
				CLANG_WARN_OBJC_IMPLICIT_RETAIN_SELF = YES;
				CLANG_WARN_OBJC_LITERAL_CONVERSION = YES;
				CLANG_WARN_OBJC_ROOT_CLASS = YES_ERROR;
				CLANG_WARN_QUOTED_INCLUDE_IN_FRAMEWORK_HEADER = YES;
				CLANG_WARN_RANGE_LOOP_ANALYSIS = YES;
				CLANG_WARN_STRICT_PROTOTYPES = YES;
				CLANG_WARN_SUSPICIOUS_MOVE = YES;
				CLANG_WARN_UNGUARDED_AVAILABILITY = YES_AGGRESSIVE;
				CLANG_WARN_UNREACHABLE_CODE = YES;
				CLANG_WARN__DUPLICATE_METHOD_MATCH = YES;
				COPY_PHASE_STRIP = NO;
				DEBUG_INFORMATION_FORMAT = "dwarf-with-dsym";
				ENABLE_NS_ASSERTIONS = NO;
				ENABLE_STRICT_OBJC_MSGSEND = YES;
				ENABLE_USER_SCRIPT_SANDBOXING = YES;
				GCC_C_LANGUAGE_STANDARD = gnu17;
				GCC_NO_COMMON_BLOCKS = YES;
				GCC_WARN_64_TO_32_BIT_CONVERSION = YES;
				GCC_WARN_ABOUT_RETURN_TYPE = YES_ERROR;
				GCC_WARN_UNDECLARED_SELECTOR = YES;
				GCC_WARN_UNINITIALIZED_AUTOS = YES_AGGRESSIVE;
				GCC_WARN_UNUSED_FUNCTION = YES;
				GCC_WARN_UNUSED_VARIABLE = YES;
				LOCALIZATION_PREFERS_STRING_CATALOGS = YES;
				MTL_ENABLE_DEBUG_INFO = NO;
				MTL_FAST_MATH = YES;
				SWIFT_COMPILATION_MODE = wholemodule;
			};
			name = Release;
		};
		A1ECF1532C731F6A0028267A /* Debug */ = {
			isa = XCBuildConfiguration;
			buildSettings = {
				CODE_SIGN_STYLE = Automatic;
				CURRENT_PROJECT_VERSION = 1;
				GENERATE_INFOPLIST_FILE = YES;
				INFOPLIST_FILE = "iOS (Extension)/Info.plist";
				INFOPLIST_KEY_CFBundleDisplayName = "NYT Soduku Auto Fill Helper Extension";
				INFOPLIST_KEY_NSHumanReadableCopyright = "";
				IPHONEOS_DEPLOYMENT_TARGET = 15.0;
				LD_RUNPATH_SEARCH_PATHS = (
					"$(inherited)",
					"@executable_path/Frameworks",
					"@executable_path/../../Frameworks",
				);
				MARKETING_VERSION = 1.0;
				OTHER_LDFLAGS = (
					"-framework",
					SafariServices,
				);
				PRODUCT_BUNDLE_IDENTIFIER = "com.iblecher.NYT-Soduku-Auto-Fill-Helper.Extension";
				PRODUCT_NAME = "NYT Soduku Auto Fill Helper Extension";
				SDKROOT = iphoneos;
				SKIP_INSTALL = YES;
				SWIFT_EMIT_LOC_STRINGS = YES;
				SWIFT_VERSION = 5.0;
				TARGETED_DEVICE_FAMILY = "1,2";
			};
			name = Debug;
		};
		A1ECF1542C731F6A0028267A /* Release */ = {
			isa = XCBuildConfiguration;
			buildSettings = {
				CODE_SIGN_STYLE = Automatic;
				CURRENT_PROJECT_VERSION = 1;
				GENERATE_INFOPLIST_FILE = YES;
				INFOPLIST_FILE = "iOS (Extension)/Info.plist";
				INFOPLIST_KEY_CFBundleDisplayName = "NYT Soduku Auto Fill Helper Extension";
				INFOPLIST_KEY_NSHumanReadableCopyright = "";
				IPHONEOS_DEPLOYMENT_TARGET = 15.0;
				LD_RUNPATH_SEARCH_PATHS = (
					"$(inherited)",
					"@executable_path/Frameworks",
					"@executable_path/../../Frameworks",
				);
				MARKETING_VERSION = 1.0;
				OTHER_LDFLAGS = (
					"-framework",
					SafariServices,
				);
				PRODUCT_BUNDLE_IDENTIFIER = "com.iblecher.NYT-Soduku-Auto-Fill-Helper.Extension";
				PRODUCT_NAME = "NYT Soduku Auto Fill Helper Extension";
				SDKROOT = iphoneos;
				SKIP_INSTALL = YES;
				SWIFT_EMIT_LOC_STRINGS = YES;
				SWIFT_VERSION = 5.0;
				TARGETED_DEVICE_FAMILY = "1,2";
				VALIDATE_PRODUCT = YES;
			};
			name = Release;
		};
		A1ECF1572C731F6A0028267A /* Debug */ = {
			isa = XCBuildConfiguration;
			buildSettings = {
				ALWAYS_EMBED_SWIFT_STANDARD_LIBRARIES = YES;
				ASSETCATALOG_COMPILER_APPICON_NAME = AppIcon;
				ASSETCATALOG_COMPILER_GLOBAL_ACCENT_COLOR_NAME = AccentColor;
				CODE_SIGN_STYLE = Automatic;
				CURRENT_PROJECT_VERSION = 1;
				GENERATE_INFOPLIST_FILE = YES;
				INFOPLIST_FILE = "iOS (App)/Info.plist";
				INFOPLIST_KEY_CFBundleDisplayName = "NYT Soduku Auto Fill Helper";
				INFOPLIST_KEY_UIApplicationSupportsIndirectInputEvents = YES;
				INFOPLIST_KEY_UILaunchStoryboardName = LaunchScreen;
				INFOPLIST_KEY_UIMainStoryboardFile = Main;
				INFOPLIST_KEY_UISupportedInterfaceOrientations = "UIInterfaceOrientationPortrait UIInterfaceOrientationLandscapeLeft UIInterfaceOrientationLandscapeRight";
				INFOPLIST_KEY_UISupportedInterfaceOrientations_iPad = "UIInterfaceOrientationPortrait UIInterfaceOrientationPortraitUpsideDown UIInterfaceOrientationLandscapeLeft UIInterfaceOrientationLandscapeRight";
				IPHONEOS_DEPLOYMENT_TARGET = 15.0;
				LD_RUNPATH_SEARCH_PATHS = (
					"$(inherited)",
					"@executable_path/Frameworks",
				);
				MARKETING_VERSION = 1.0;
				OTHER_LDFLAGS = (
					"-framework",
					SafariServices,
					"-framework",
					WebKit,
				);
				PRODUCT_BUNDLE_IDENTIFIER = "com.iblecher.NYT-Soduku-Auto-Fill-Helper";
				PRODUCT_NAME = "NYT Soduku Auto Fill Helper";
				SDKROOT = iphoneos;
				SWIFT_EMIT_LOC_STRINGS = YES;
				SWIFT_VERSION = 5.0;
				TARGETED_DEVICE_FAMILY = "1,2";
			};
			name = Debug;
		};
		A1ECF1582C731F6A0028267A /* Release */ = {
			isa = XCBuildConfiguration;
			buildSettings = {
				ALWAYS_EMBED_SWIFT_STANDARD_LIBRARIES = YES;
				ASSETCATALOG_COMPILER_APPICON_NAME = AppIcon;
				ASSETCATALOG_COMPILER_GLOBAL_ACCENT_COLOR_NAME = AccentColor;
				CODE_SIGN_STYLE = Automatic;
				CURRENT_PROJECT_VERSION = 1;
				GENERATE_INFOPLIST_FILE = YES;
				INFOPLIST_FILE = "iOS (App)/Info.plist";
				INFOPLIST_KEY_CFBundleDisplayName = "NYT Soduku Auto Fill Helper";
				INFOPLIST_KEY_UIApplicationSupportsIndirectInputEvents = YES;
				INFOPLIST_KEY_UILaunchStoryboardName = LaunchScreen;
				INFOPLIST_KEY_UIMainStoryboardFile = Main;
				INFOPLIST_KEY_UISupportedInterfaceOrientations = "UIInterfaceOrientationPortrait UIInterfaceOrientationLandscapeLeft UIInterfaceOrientationLandscapeRight";
				INFOPLIST_KEY_UISupportedInterfaceOrientations_iPad = "UIInterfaceOrientationPortrait UIInterfaceOrientationPortraitUpsideDown UIInterfaceOrientationLandscapeLeft UIInterfaceOrientationLandscapeRight";
				IPHONEOS_DEPLOYMENT_TARGET = 15.0;
				LD_RUNPATH_SEARCH_PATHS = (
					"$(inherited)",
					"@executable_path/Frameworks",
				);
				MARKETING_VERSION = 1.0;
				OTHER_LDFLAGS = (
					"-framework",
					SafariServices,
					"-framework",
					WebKit,
				);
				PRODUCT_BUNDLE_IDENTIFIER = "com.iblecher.NYT-Soduku-Auto-Fill-Helper";
				PRODUCT_NAME = "NYT Soduku Auto Fill Helper";
				SDKROOT = iphoneos;
				SWIFT_EMIT_LOC_STRINGS = YES;
				SWIFT_VERSION = 5.0;
				TARGETED_DEVICE_FAMILY = "1,2";
				VALIDATE_PRODUCT = YES;
			};
			name = Release;
		};
		A1ECF15A2C731F6A0028267A /* Debug */ = {
			isa = XCBuildConfiguration;
			buildSettings = {
				CODE_SIGN_ENTITLEMENTS = "macOS (Extension)/NYT Soduku Auto Fill Helper.entitlements";
				CODE_SIGN_STYLE = Automatic;
				CURRENT_PROJECT_VERSION = 1;
				ENABLE_HARDENED_RUNTIME = YES;
				GENERATE_INFOPLIST_FILE = YES;
				INFOPLIST_FILE = "macOS (Extension)/Info.plist";
				INFOPLIST_KEY_CFBundleDisplayName = "NYT Soduku Auto Fill Helper Extension";
				INFOPLIST_KEY_NSHumanReadableCopyright = "";
				LD_RUNPATH_SEARCH_PATHS = (
					"$(inherited)",
					"@executable_path/../Frameworks",
					"@executable_path/../../../../Frameworks",
				);
				MACOSX_DEPLOYMENT_TARGET = 10.14;
				MARKETING_VERSION = 1.0;
				OTHER_LDFLAGS = (
					"-framework",
					SafariServices,
				);
				PRODUCT_BUNDLE_IDENTIFIER = "com.iblecher.NYT-Soduku-Auto-Fill-Helper.Extension";
				PRODUCT_NAME = "NYT Soduku Auto Fill Helper Extension";
				SDKROOT = macosx;
				SKIP_INSTALL = YES;
				SWIFT_EMIT_LOC_STRINGS = YES;
				SWIFT_VERSION = 5.0;
			};
			name = Debug;
		};
		A1ECF15B2C731F6A0028267A /* Release */ = {
			isa = XCBuildConfiguration;
			buildSettings = {
				CODE_SIGN_ENTITLEMENTS = "macOS (Extension)/NYT Soduku Auto Fill Helper.entitlements";
				CODE_SIGN_STYLE = Automatic;
				CURRENT_PROJECT_VERSION = 1;
				ENABLE_HARDENED_RUNTIME = YES;
				GENERATE_INFOPLIST_FILE = YES;
				INFOPLIST_FILE = "macOS (Extension)/Info.plist";
				INFOPLIST_KEY_CFBundleDisplayName = "NYT Soduku Auto Fill Helper Extension";
				INFOPLIST_KEY_NSHumanReadableCopyright = "";
				LD_RUNPATH_SEARCH_PATHS = (
					"$(inherited)",
					"@executable_path/../Frameworks",
					"@executable_path/../../../../Frameworks",
				);
				MACOSX_DEPLOYMENT_TARGET = 10.14;
				MARKETING_VERSION = 1.0;
				OTHER_LDFLAGS = (
					"-framework",
					SafariServices,
				);
				PRODUCT_BUNDLE_IDENTIFIER = "com.iblecher.NYT-Soduku-Auto-Fill-Helper.Extension";
				PRODUCT_NAME = "NYT Soduku Auto Fill Helper Extension";
				SDKROOT = macosx;
				SKIP_INSTALL = YES;
				SWIFT_EMIT_LOC_STRINGS = YES;
				SWIFT_VERSION = 5.0;
			};
			name = Release;
		};
		A1ECF15E2C731F6A0028267A /* Debug */ = {
			isa = XCBuildConfiguration;
			buildSettings = {
				ALWAYS_EMBED_SWIFT_STANDARD_LIBRARIES = YES;
				ASSETCATALOG_COMPILER_APPICON_NAME = AppIcon;
				ASSETCATALOG_COMPILER_GLOBAL_ACCENT_COLOR_NAME = AccentColor;
				CODE_SIGN_ENTITLEMENTS = "macOS (App)/NYT Soduku Auto Fill Helper.entitlements";
				CODE_SIGN_STYLE = Automatic;
				CURRENT_PROJECT_VERSION = 1;
				ENABLE_HARDENED_RUNTIME = YES;
				GENERATE_INFOPLIST_FILE = YES;
				INFOPLIST_KEY_CFBundleDisplayName = "NYT Soduku Auto Fill Helper";
				INFOPLIST_KEY_NSMainStoryboardFile = Main;
				INFOPLIST_KEY_NSPrincipalClass = NSApplication;
				LD_RUNPATH_SEARCH_PATHS = (
					"$(inherited)",
					"@executable_path/../Frameworks",
				);
				MACOSX_DEPLOYMENT_TARGET = 10.14;
				MARKETING_VERSION = 1.0;
				OTHER_LDFLAGS = (
					"-framework",
					SafariServices,
					"-framework",
					WebKit,
				);
				PRODUCT_BUNDLE_IDENTIFIER = "com.iblecher.NYT-Soduku-Auto-Fill-Helper";
				PRODUCT_NAME = "NYT Soduku Auto Fill Helper";
				SDKROOT = macosx;
				SWIFT_EMIT_LOC_STRINGS = YES;
				SWIFT_VERSION = 5.0;
			};
			name = Debug;
		};
		A1ECF15F2C731F6A0028267A /* Release */ = {
			isa = XCBuildConfiguration;
			buildSettings = {
				ALWAYS_EMBED_SWIFT_STANDARD_LIBRARIES = YES;
				ASSETCATALOG_COMPILER_APPICON_NAME = AppIcon;
				ASSETCATALOG_COMPILER_GLOBAL_ACCENT_COLOR_NAME = AccentColor;
				CODE_SIGN_ENTITLEMENTS = "macOS (App)/NYT Soduku Auto Fill Helper.entitlements";
				CODE_SIGN_STYLE = Automatic;
				CURRENT_PROJECT_VERSION = 1;
				ENABLE_HARDENED_RUNTIME = YES;
				GENERATE_INFOPLIST_FILE = YES;
				INFOPLIST_KEY_CFBundleDisplayName = "NYT Soduku Auto Fill Helper";
				INFOPLIST_KEY_NSMainStoryboardFile = Main;
				INFOPLIST_KEY_NSPrincipalClass = NSApplication;
				LD_RUNPATH_SEARCH_PATHS = (
					"$(inherited)",
					"@executable_path/../Frameworks",
				);
				MACOSX_DEPLOYMENT_TARGET = 10.14;
				MARKETING_VERSION = 1.0;
				OTHER_LDFLAGS = (
					"-framework",
					SafariServices,
					"-framework",
					WebKit,
				);
				PRODUCT_BUNDLE_IDENTIFIER = "com.iblecher.NYT-Soduku-Auto-Fill-Helper";
				PRODUCT_NAME = "NYT Soduku Auto Fill Helper";
				SDKROOT = macosx;
				SWIFT_EMIT_LOC_STRINGS = YES;
				SWIFT_VERSION = 5.0;
			};
			name = Release;
		};
/* End XCBuildConfiguration section */

/* Begin XCConfigurationList section */
		A1ECF0EA2C731F690028267A /* Build configuration list for PBXProject "NYT Soduku Auto Fill Helper" */ = {
			isa = XCConfigurationList;
			buildConfigurations = (
				A1ECF1502C731F6A0028267A /* Debug */,
				A1ECF1512C731F6A0028267A /* Release */,
			);
			defaultConfigurationIsVisible = 0;
			defaultConfigurationName = Release;
		};
		A1ECF1522C731F6A0028267A /* Build configuration list for PBXNativeTarget "NYT Soduku Auto Fill Helper Extension (iOS)" */ = {
			isa = XCConfigurationList;
			buildConfigurations = (
				A1ECF1532C731F6A0028267A /* Debug */,
				A1ECF1542C731F6A0028267A /* Release */,
			);
			defaultConfigurationIsVisible = 0;
			defaultConfigurationName = Release;
		};
		A1ECF1562C731F6A0028267A /* Build configuration list for PBXNativeTarget "NYT Soduku Auto Fill Helper (iOS)" */ = {
			isa = XCConfigurationList;
			buildConfigurations = (
				A1ECF1572C731F6A0028267A /* Debug */,
				A1ECF1582C731F6A0028267A /* Release */,
			);
			defaultConfigurationIsVisible = 0;
			defaultConfigurationName = Release;
		};
		A1ECF1592C731F6A0028267A /* Build configuration list for PBXNativeTarget "NYT Soduku Auto Fill Helper Extension (macOS)" */ = {
			isa = XCConfigurationList;
			buildConfigurations = (
				A1ECF15A2C731F6A0028267A /* Debug */,
				A1ECF15B2C731F6A0028267A /* Release */,
			);
			defaultConfigurationIsVisible = 0;
			defaultConfigurationName = Release;
		};
		A1ECF15D2C731F6A0028267A /* Build configuration list for PBXNativeTarget "NYT Soduku Auto Fill Helper (macOS)" */ = {
			isa = XCConfigurationList;
			buildConfigurations = (
				A1ECF15E2C731F6A0028267A /* Debug */,
				A1ECF15F2C731F6A0028267A /* Release */,
			);
			defaultConfigurationIsVisible = 0;
			defaultConfigurationName = Release;
		};
/* End XCConfigurationList section */
	};
	rootObject = A1ECF0E72C731F690028267A /* Project object */;
}
